<?xml version="1.0" encoding="UTF-8" standalone="yes" ?>
<CodeBlocks_project_file>
	<FileVersion major="1" minor="6" />
	<Project>
		<Option title="neural-networks" />
		<Option pch_mode="2" />
		<Option compiler="gcc" />
		<Build>
			<Target title="Debug">
				<Option output="bin/Debug/neural-networks" prefix_auto="1" extension_auto="1" />
				<Option object_output="obj/Debug/" />
				<Option type="1" />
				<Option compiler="gcc" />
				<Compiler>
					<Add option="-g" />
					<Add directory="include" />
					<Add directory="include/datasets" />
					<Add directory="include/nets" />
					<Add directory="include/common" />
				</Compiler>
			</Target>
			<Target title="Release">
				<Option output="bin/Release/neural-networks" prefix_auto="1" extension_auto="1" />
				<Option object_output="obj/Release/" />
				<Option type="1" />
				<Option compiler="gcc" />
				<Compiler>
					<Add option="-O2" />
					<Add directory="include" />
					<Add directory="include/datasets" />
					<Add directory="include/nets" />
					<Add directory="include/common" />
				</Compiler>
				<Linker>
					<Add option="-s" />
				</Linker>
			</Target>
		</Build>
		<Compiler>
			<Add option="-Wall" />
			<Add option="-fexceptions" />
		</Compiler>
		<Unit filename="include/NetworkRunner.h" />
		<Unit filename="include/common/KohonenTrace.h" />
		<Unit filename="include/common/Log.h" />
		<Unit filename="include/common/Trace.h" />
		<Unit filename="include/datasets/DataSet.h" />
		<Unit filename="include/datasets/DataSetABPattern.h" />
		<Unit filename="include/datasets/DataSetAFKRS12.h" />
		<Unit filename="include/datasets/DataSetAndBitwise.h" />
		<Unit filename="include/datasets/DataSetClassifier.h" />
		<Unit filename="include/datasets/DataSetClassifierTest.h" />
		<Unit filename="include/datasets/DataSetFactory.h" />
		<Unit filename="include/datasets/DataSetOrBitwise.h" />
		<Unit filename="include/datasets/DataSetVectorClassifier.h" />
		<Unit filename="include/nets/Adaline.h" />
		<Unit filename="include/nets/HardKohonen.h" />
		<Unit filename="include/nets/NeuralNetwork.h" />
		<Unit filename="include/nets/Perceptron.h" />
		<Unit filename="main.cpp" />
		<Unit filename="net.conf" />
		<Unit filename="src/NetworkRunner.cpp" />
		<Unit filename="src/common/KohonenTrace.cpp" />
		<Unit filename="src/common/Log.cpp" />
		<Unit filename="src/common/Trace.cpp" />
		<Unit filename="src/datasets/DataSet.cpp" />
		<Unit filename="src/datasets/DataSetABPattern.cpp" />
		<Unit filename="src/datasets/DataSetAFKRS12.cpp" />
		<Unit filename="src/datasets/DataSetAndBitwise.cpp" />
		<Unit filename="src/datasets/DataSetClassifier.cpp" />
		<Unit filename="src/datasets/DataSetClassifierTest.cpp" />
		<Unit filename="src/datasets/DataSetFactory.cpp" />
		<Unit filename="src/datasets/DataSetOrBitwise.cpp" />
		<Unit filename="src/datasets/DataSetVectorClassifier.cpp" />
		<Unit filename="src/nets/Adaline.cpp" />
		<Unit filename="src/nets/HardKohonen.cpp" />
		<Unit filename="src/nets/NeuralNetwork.cpp" />
		<Unit filename="src/nets/Perceptron.cpp" />
		<Extensions>
			<code_completion />
			<envvars />
			<debugger />
		</Extensions>
	</Project>
</CodeBlocks_project_file>
